
Microsoft Visual Studio Solution File, Format Version 12.00
# Visual Studio Version 17
VisualStudioVersion = 17.3.32819.101
MinimumVisualStudioVersion = 10.0.40219.1
Project("{FAE04EC0-301F-11D3-BF4B-00C04F79EFBC}") = "MyBankApp", "MyBankApp\MyBankApp.csproj", "{9203C852-5694-45E4-BFBA-0A1904699304}"
EndProject
Global
	GlobalSection(SolutionConfigurationPlatforms) = preSolution
		Debug|Any CPU = Debug|Any CPU
		Release|Any CPU = Release|Any CPU
	EndGlobalSection
	GlobalSection(ProjectConfigurationPlatforms) = postSolution
		{9203C852-5694-45E4-BFBA-0A1904699304}.Debug|Any CPU.ActiveCfg = Debug|Any CPU
		{9203C852-5694-45E4-BFBA-0A1904699304}.Debug|Any CPU.Build.0 = Debug|Any CPU
		{9203C852-5694-45E4-BFBA-0A1904699304}.Release|Any CPU.ActiveCfg = Release|Any CPU
		{9203C852-5694-45E4-BFBA-0A1904699304}.Release|Any CPU.Build.0 = Release|Any CPU
	EndGlobalSection
	GlobalSection(SolutionProperties) = preSolution
		HideSolutionNode = FALSE
	EndGlobalSection
	GlobalSection(ExtensibilityGlobals) = postSolution
		SolutionGuid = {84C8CAFF-2630-45F3-B9E1-A7171B8E6A07}
	EndGlobalSection
EndGlobal
